// !$*UTF8*$!
{
	archiveVersion = 1;
	classes = {
	};
	objectVersion = 46;
	objects = {

/* Begin PBXBuildFile section */
		A272C8681E956E8300688024 /* AppDelegate.swift in Sources */ = {isa = PBXBuildFile; fileRef = A272C8671E956E8300688024 /* AppDelegate.swift */; };
		A272C86A1E956E8300688024 /* ViewController.swift in Sources */ = {isa = PBXBuildFile; fileRef = A272C8691E956E8300688024 /* ViewController.swift */; };
		A272C86D1E956E8300688024 /* Main.storyboard in Resources */ = {isa = PBXBuildFile; fileRef = A272C86B1E956E8300688024 /* Main.storyboard */; };
		A272C86F1E956E8300688024 /* Assets.xcassets in Resources */ = {isa = PBXBuildFile; fileRef = A272C86E1E956E8300688024 /* Assets.xcassets */; };
		A272C8721E956E8300688024 /* LaunchScreen.storyboard in Resources */ = {isa = PBXBuildFile; fileRef = A272C8701E956E8300688024 /* LaunchScreen.storyboard */; };
		A272C87A1E95708A00688024 /* TableViewCellmia.swift in Sources */ = {isa = PBXBuildFile; fileRef = A272C8791E95708A00688024 /* TableViewCellmia.swift */; };
		A272C87C1E9577C900688024 /* ViewControllercaptura.swift in Sources */ = {isa = PBXBuildFile; fileRef = A272C87B1E9577C900688024 /* ViewControllercaptura.swift */; };
		A272C8801E95816000688024 /* ViewControllerimage.swift in Sources */ = {isa = PBXBuildFile; fileRef = A272C87F1E95816000688024 /* ViewControllerimage.swift */; };
		A272C8821E95893500688024 /* ViewControlleropinion.swift in Sources */ = {isa = PBXBuildFile; fileRef = A272C8811E95893500688024 /* ViewControlleropinion.swift */; };
/* End PBXBuildFile section */

/* Begin PBXFileReference section */
		A272C8641E956E8300688024 /* EXAMEN_PARCIAL2F.app */ = {isa = PBXFileReference; explicitFileType = wrapper.application; includeInIndex = 0; path = EXAMEN_PARCIAL2F.app; sourceTree = BUILT_PRODUCTS_DIR; };
		A272C8671E956E8300688024 /* AppDelegate.swift */ = {isa = PBXFileReference; lastKnownFileType = sourcecode.swift; path = AppDelegate.swift; sourceTree = "<group>"; };
		A272C8691E956E8300688024 /* ViewController.swift */ = {isa = PBXFileReference; lastKnownFileType = sourcecode.swift; path = ViewController.swift; sourceTree = "<group>"; };
		A272C86C1E956E8300688024 /* Base */ = {isa = PBXFileReference; lastKnownFileType = file.storyboard; name = Base; path = Base.lproj/Main.storyboard; sourceTree = "<group>"; };
		A272C86E1E956E8300688024 /* Assets.xcassets */ = {isa = PBXFileReference; lastKnownFileType = folder.assetcatalog; path = Assets.xcassets; sourceTree = "<group>"; };
		A272C8711E956E8300688024 /* Base */ = {isa = PBXFileReference; lastKnownFileType = file.storyboard; name = Base; path = Base.lproj/LaunchScreen.storyboard; sourceTree = "<group>"; };
		A272C8731E956E8300688024 /* Info.plist */ = {isa = PBXFileReference; lastKnownFileType = text.plist.xml; path = Info.plist; sourceTree = "<group>"; };
		A272C8791E95708A00688024 /* TableViewCellmia.swift */ = {isa = PBXFileReference; fileEncoding = 4; lastKnownFileType = sourcecode.swift; path = TableViewCellmia.swift; sourceTree = "<group>"; };
		A272C87B1E9577C900688024 /* ViewControllercaptura.swift */ = {isa = PBXFileReference; fileEncoding = 4; lastKnownFileType = sourcecode.swift; path = ViewControllercaptura.swift; sourceTree = "<group>"; };
		A272C87F1E95816000688024 /* ViewControllerimage.swift */ = {isa = PBXFileReference; fileEncoding = 4; lastKnownFileType = sourcecode.swift; path = ViewControllerimage.swift; sourceTree = "<group>"; };
		A272C8811E95893500688024 /* ViewControlleropinion.swift */ = {isa = PBXFileReference; fileEncoding = 4; lastKnownFileType = sourcecode.swift; path = ViewControlleropinion.swift; sourceTree = "<group>"; };
/* End PBXFileReference section */

/* Begin PBXFrameworksBuildPhase section */
		A272C8611E956E8300688024 /* Frameworks */ = {
			isa = PBXFrameworksBuildPhase;
			buildActionMask = 2147483647;
			files = (
			);
			runOnlyForDeploymentPostprocessing = 0;
		};
/* End PBXFrameworksBuildPhase section */

/* Begin PBXGroup section */
		A272C85B1E956E8300688024 = {
			isa = PBXGroup;
			children = (
				A272C8661E956E8300688024 /* EXAMEN_PARCIAL2F */,
				A272C8651E956E8300688024 /* Products */,
			);
			sourceTree = "<group>";
		};
		A272C8651E956E8300688024 /* Products */ = {
			isa = PBXGroup;
			children = (
				A272C8641E956E8300688024 /* EXAMEN_PARCIAL2F.app */,
			);
			name = Products;
			sourceTree = "<group>";
		};
		A272C8661E956E8300688024 /* EXAMEN_PARCIAL2F */ = {
			isa = PBXGroup;
			children = (
				A272C8671E956E8300688024 /* AppDelegate.swift */,
				A272C8691E956E8300688024 /* ViewController.swift */,
				A272C86B1E956E8300688024 /* Main.storyboard */,
				A272C86E1E956E8300688024 /* Assets.xcassets */,
				A272C8701E956E8300688024 /* LaunchScreen.storyboard */,
				A272C8731E956E8300688024 /* Info.plist */,
				A272C8791E95708A00688024 /* TableViewCellmia.swift */,
				A272C87B1E9577C900688024 /* ViewControllercaptura.swift */,
				A272C87F1E95816000688024 /* ViewControllerimage.swift */,
				A272C8811E95893500688024 /* ViewControlleropinion.swift */,
			);
			path = EXAMEN_PARCIAL2F;
			sourceTree = "<group>";
		};
/* End PBXGroup section */

/* Begin PBXNativeTarget section */
		A272C8631E956E8300688024 /* EXAMEN_PARCIAL2F */ = {
			isa = PBXNativeTarget;
			buildConfigurationList = A272C8761E956E8300688024 /* Build configuration list for PBXNativeTarget "EXAMEN_PARCIAL2F" */;
			buildPhases = (
				A272C8601E956E8300688024 /* Sources */,
				A272C8611E956E8300688024 /* Frameworks */,
				A272C8621E956E8300688024 /* Resources */,
			);
			buildRules = (
			);
			dependencies = (
			);
			name = EXAMEN_PARCIAL2F;
			productName = EXAMEN_PARCIAL2F;
			productReference = A272C8641E956E8300688024 /* EXAMEN_PARCIAL2F.app */;
			productType = "com.apple.product-type.application";
		};
/* End PBXNativeTarget section */

/* Begin PBXProject section */
		A272C85C1E956E8300688024 /* Project object */ = {
			isa = PBXProject;
			attributes = {
				LastSwiftUpdateCheck = 0730;
				LastUpgradeCheck = 0730;
				ORGANIZATIONNAME = EQUIPOBANANA;
				TargetAttributes = {
					A272C8631E956E8300688024 = {
						CreatedOnToolsVersion = 7.3.1;
					};
				};
			};
			buildConfigurationList = A272C85F1E956E8300688024 /* Build configuration list for PBXProject "EXAMEN_PARCIAL2F" */;
			compatibilityVersion = "Xcode 3.2";
			developmentRegion = English;
			hasScannedForEncodings = 0;
			knownRegions = (
				en,
				Base,
			);
			mainGroup = A272C85B1E956E8300688024;
			productRefGroup = A272C8651E956E8300688024 /* Products */;
			projectDirPath = "";
			projectRoot = "";
			targets = (
				A272C8631E956E8300688024 /* EXAMEN_PARCIAL2F */,
			);
		};
/* End PBXProject section */

/* Begin PBXResourcesBuildPhase section */
		A272C8621E956E8300688024 /* Resources */ = {
			isa = PBXResourcesBuildPhase;
			buildActionMask = 2147483647;
			files = (
				A272C8721E956E8300688024 /* LaunchScreen.storyboard in Resources */,
				A272C86F1E956E8300688024 /* Assets.xcassets in Resources */,
				A272C86D1E956E8300688024 /* Main.storyboard in Resources */,
			);
			runOnlyForDeploymentPostprocessing = 0;
		};
/* End PBXResourcesBuildPhase section */

/* Begin PBXSourcesBuildPhase section */
		A272C8601E956E8300688024 /* Sources */ = {
			isa = PBXSourcesBuildPhase;
			buildActionMask = 2147483647;
			files = (
				A272C8801E95816000688024 /* ViewControllerimage.swift in Sources */,
				A272C86A1E956E8300688024 /* ViewController.swift in Sources */,
				A272C87C1E9577C900688024 /* ViewControllercaptura.swift in Sources */,
				A272C8821E95893500688024 /* ViewControlleropinion.swift in Sources */,
				A272C87A1E95708A00688024 /* TableViewCellmia.swift in Sources */,
				A272C8681E956E8300688024 /* AppDelegate.swift in Sources */,
			);
			runOnlyForDeploymentPostprocessing = 0;
		};
/* End PBXSourcesBuildPhase section */

/* Begin PBXVariantGroup section */
		A272C86B1E956E8300688024 /* Main.storyboard */ = {
			isa = PBXVariantGroup;
			children = (
				A272C86C1E956E8300688024 /* Base */,
			);
			name = Main.storyboard;
			sourceTree = "<group>";
		};
		A272C8701E956E8300688024 /* LaunchScreen.storyboard */ = {
			isa = PBXVariantGroup;
			children = (
				A272C8711E956E8300688024 /* Base */,
			);
			name = LaunchScreen.storyboard;
			sourceTree = "<group>";
		};
/* End PBXVariantGroup section */

/* Begin XCBuildConfiguration section */
		A272C8741E956E8300688024 /* Debug */ = {
			isa = XCBuildConfiguration;
			buildSettings = {
				ALWAYS_SEARCH_USER_PATHS = NO;
				CLANG_ANALYZER_NONNULL = YES;
				CLANG_CXX_LANGUAGE_STANDARD = "gnu++0x";
				CLANG_CXX_LIBRARY = "libc++";
				CLANG_ENABLE_MODULES = YES;
				CLANG_ENABLE_OBJC_ARC = YES;
				CLANG_WARN_BOOL_CONVERSION = YES;
				CLANG_WARN_CONSTANT_CONVERSION = YES;
				CLANG_WARN_DIRECT_OBJC_ISA_USAGE = YES_ERROR;
				CLANG_WARN_EMPTY_BODY = YES;
				CLANG_WARN_ENUM_CONVERSION = YES;
				CLANG_WARN_INT_CONVERSION = YES;
				CLANG_WARN_OBJC_ROOT_CLASS = YES_ERROR;
				CLANG_WARN_UNREACHABLE_CODE = YES;
				CLANG_WARN__DUPLICATE_METHOD_MATCH = YES;
				"CODE_SIGN_IDENTITY[sdk=iphoneos*]" = "iPhone Developer";
				COPY_PHASE_STRIP = NO;
				DEBUG_INFORMATION_FORMAT = dwarf;
				ENABLE_STRICT_OBJC_MSGSEND = YES;
				ENABLE_TESTABILITY = YES;
				GCC_C_LANGUAGE_STANDARD = gnu99;
				GCC_DYNAMIC_NO_PIC = NO;
				GCC_NO_COMMON_BLOCKS = YES;
				GCC_OPTIMIZATION_LEVEL = 0;
				GCC_PREPROCESSOR_DEFINITIONS = (
					"DEBUG=1",
					"$(inherited)",
				);
				GCC_WARN_64_TO_32_BIT_CONVERSION = YES;
				GCC_WARN_ABOUT_RETURN_TYPE = YES_ERROR;
				GCC_WARN_UNDECLARED_SELECTOR = YES;
				GCC_WARN_UNINITIALIZED_AUTOS = YES_AGGRESSIVE;
				GCC_WARN_UNUSED_FUNCTION = YES;
				GCC_WARN_UNUSED_VARIABLE = YES;
				IPHONEOS_DEPLOYMENT_TARGET = 9.3;
				MTL_ENABLE_DEBUG_INFO = YES;
				ONLY_ACTIVE_ARCH = YES;
				SDKROOT = iphoneos;
				SWIFT_OPTIMIZATION_LEVEL = "-Onone";
				TARGETED_DEVICE_FAMILY = "1,2";
			};
			name = Debug;
		};
		A272C8751E956E8300688024 /* Release */ = {
			isa = XCBuildConfiguration;
			buildSettings = {
				ALWAYS_SEARCH_USER_PATHS = NO;
				CLANG_ANALYZER_NONNULL = YES;
				CLANG_CXX_LANGUAGE_STANDARD = "gnu++0x";
				CLANG_CXX_LIBRARY = "libc++";
				CLANG_ENABLE_MODULES = YES;
				CLANG_ENABLE_OBJC_ARC = YES;
				CLANG_WARN_BOOL_CONVERSION = YES;
				CLANG_WARN_CONSTANT_CONVERSION = YES;
				CLANG_WARN_DIRECT_OBJC_ISA_USAGE = YES_ERROR;
				CLANG_WARN_EMPTY_BODY = YES;
				CLANG_WARN_ENUM_CONVERSION = YES;
				CLANG_WARN_INT_CONVERSION = YES;
				CLANG_WARN_OBJC_ROOT_CLASS = YES_ERROR;
				CLANG_WARN_UNREACHABLE_CODE = YES;
				CLANG_WARN__DUPLICATE_METHOD_MATCH = YES;
				"CODE_SIGN_IDENTITY[sdk=iphoneos*]" = "iPhone Developer";
				COPY_PHASE_STRIP = NO;
				DEBUG_INFORMATION_FORMAT = "dwarf-with-dsym";
				ENABLE_NS_ASSERTIONS = NO;
				ENABLE_STRICT_OBJC_MSGSEND = YES;
				GCC_C_LANGUAGE_STANDARD = gnu99;
				GCC_NO_COMMON_BLOCKS = YES;
				GCC_WARN_64_TO_32_BIT_CONVERSION = YES;
				GCC_WARN_ABOUT_RETURN_TYPE = YES_ERROR;
				GCC_WARN_UNDECLARED_SELECTOR = YES;
				GCC_WARN_UNINITIALIZED_AUTOS = YES_AGGRESSIVE;
				GCC_WARN_UNUSED_FUNCTION = YES;
				GCC_WARN_UNUSED_VARIABLE = YES;
				IPHONEOS_DEPLOYMENT_TARGET = 9.3;
				MTL_ENABLE_DEBUG_INFO = NO;
				SDKROOT = iphoneos;
				TARGETED_DEVICE_FAMILY = "1,2";
				VALIDATE_PRODUCT = YES;
			};
			name = Release;
		};
		A272C8771E956E8300688024 /* Debug */ = {
			isa = XCBuildConfiguration;
			buildSettings = {
				ASSETCATALOG_COMPILER_APPICON_NAME = AppIcon;
				INFOPLIST_FILE = EXAMEN_PARCIAL2F/Info.plist;
				LD_RUNPATH_SEARCH_PATHS = "$(inherited) @executable_path/Frameworks";
				PRODUCT_BUNDLE_IDENTIFIER = "BANANA.EXAMEN-PARCIAL2F";
				PRODUCT_NAME = "$(TARGET_NAME)";
			};
			name = Debug;
		};
		A272C8781E956E8300688024 /* Release */ = {
			isa = XCBuildConfiguration;
			buildSettings = {
				ASSETCATALOG_COMPILER_APPICON_NAME = AppIcon;
				INFOPLIST_FILE = EXAMEN_PARCIAL2F/Info.plist;
				LD_RUNPATH_SEARCH_PATHS = "$(inherited) @executable_path/Frameworks";
				PRODUCT_BUNDLE_IDENTIFIER = "BANANA.EXAMEN-PARCIAL2F";
				PRODUCT_NAME = "$(TARGET_NAME)";
			};
			name = Release;
		};
/* End XCBuildConfiguration section */

/* Begin XCConfigurationList section */
		A272C85F1E956E8300688024 /* Build configuration list for PBXProject "EXAMEN_PARCIAL2F" */ = {
			isa = XCConfigurationList;
			buildConfigurations = (
				A272C8741E956E8300688024 /* Debug */,
				A272C8751E956E8300688024 /* Release */,
			);
			defaultConfigurationIsVisible = 0;
			defaultConfigurationName = Release;
		};
		A272C8761E956E8300688024 /* Build configuration list for PBXNativeTarget "EXAMEN_PARCIAL2F" */ = {
			isa = XCConfigurationList;
			buildConfigurations = (
				A272C8771E956E8300688024 /* Debug */,
				A272C8781E956E8300688024 /* Release */,
			);
			defaultConfigurationIsVisible = 0;
			defaultConfigurationName = Release;
		};
/* End XCConfigurationList section */
	};
	rootObject = A272C85C1E956E8300688024 /* Project object */;
}
